
Microsoft Visual Studio Solution File, Format Version 12.00
# Visual Studio Version 16
VisualStudioVersion = 16.0.29020.237
MinimumVisualStudioVersion = 10.0.40219.1
Project("{9A19103F-16F7-4668-BE54-9A1E7A4F7556}") = "ProjNET", "src\ProjNet\ProjNET.csproj", "{E028BDD2-55E1-4E5F-BE31-35FAEC8D6428}"
EndProject
Project("{2150E333-8FDC-42A3-9474-1A3956D46DE8}") = "Solution Items", "Solution Items", "{AC62B826-FD1B-43B9-9E20-696588E560E7}"
	ProjectSection(SolutionItems) = preProject
		.editorconfig = .editorconfig
		icon.png = icon.png
	EndProjectSection
EndProject
Project("{9A19103F-16F7-4668-BE54-9A1E7A4F7556}") = "ProjNET.Tests", "test\ProjNet.Tests\ProjNET.Tests.csproj", "{67E8C952-1F48-4DFB-9507-BD44DB6784FD}"
EndProject
Project("{9A19103F-16F7-4668-BE54-9A1E7A4F7556}") = "ProjNet.Benchmark", "src\ProjNet.Benchmark\ProjNet.Benchmark.csproj", "{1E5D1CC5-8CFE-4C9D-9553-900469C57D6C}"
EndProject
Project("{FAE04EC0-301F-11D3-BF4B-00C04F79EFBC}") = "ProjNet.IO.Wkt", "src\ProjNet.IO.Wkt\ProjNet.IO.Wkt.csproj", "{50AAB59B-25FB-4E36-A31A-B22C62B2105E}"
EndProject
Project("{FAE04EC0-301F-11D3-BF4B-00C04F79EFBC}") = "ProjNet.IO.Wkt.Tests", "ProjNet.IO.Wkt.Tests\ProjNet.IO.Wkt.Tests.csproj", "{3E23D15C-56F1-4431-B241-FC17D2F54BBF}"
EndProject
Global
	GlobalSection(SolutionConfigurationPlatforms) = preSolution
		Debug|Any CPU = Debug|Any CPU
		Release|Any CPU = Release|Any CPU
	EndGlobalSection
	GlobalSection(ProjectConfigurationPlatforms) = postSolution
		{E028BDD2-55E1-4E5F-BE31-35FAEC8D6428}.Debug|Any CPU.ActiveCfg = Debug|Any CPU
		{E028BDD2-55E1-4E5F-BE31-35FAEC8D6428}.Debug|Any CPU.Build.0 = Debug|Any CPU
		{E028BDD2-55E1-4E5F-BE31-35FAEC8D6428}.Release|Any CPU.ActiveCfg = Release|Any CPU
		{E028BDD2-55E1-4E5F-BE31-35FAEC8D6428}.Release|Any CPU.Build.0 = Release|Any CPU
		{67E8C952-1F48-4DFB-9507-BD44DB6784FD}.Debug|Any CPU.ActiveCfg = Debug|Any CPU
		{67E8C952-1F48-4DFB-9507-BD44DB6784FD}.Debug|Any CPU.Build.0 = Debug|Any CPU
		{67E8C952-1F48-4DFB-9507-BD44DB6784FD}.Release|Any CPU.ActiveCfg = Release|Any CPU
		{67E8C952-1F48-4DFB-9507-BD44DB6784FD}.Release|Any CPU.Build.0 = Release|Any CPU
		{1E5D1CC5-8CFE-4C9D-9553-900469C57D6C}.Debug|Any CPU.ActiveCfg = Debug|Any CPU
		{1E5D1CC5-8CFE-4C9D-9553-900469C57D6C}.Debug|Any CPU.Build.0 = Debug|Any CPU
		{1E5D1CC5-8CFE-4C9D-9553-900469C57D6C}.Release|Any CPU.ActiveCfg = Release|Any CPU
		{1E5D1CC5-8CFE-4C9D-9553-900469C57D6C}.Release|Any CPU.Build.0 = Release|Any CPU
		{50AAB59B-25FB-4E36-A31A-B22C62B2105E}.Debug|Any CPU.ActiveCfg = Debug|Any CPU
		{50AAB59B-25FB-4E36-A31A-B22C62B2105E}.Debug|Any CPU.Build.0 = Debug|Any CPU
		{50AAB59B-25FB-4E36-A31A-B22C62B2105E}.Release|Any CPU.ActiveCfg = Release|Any CPU
		{50AAB59B-25FB-4E36-A31A-B22C62B2105E}.Release|Any CPU.Build.0 = Release|Any CPU
		{3E23D15C-56F1-4431-B241-FC17D2F54BBF}.Debug|Any CPU.ActiveCfg = Debug|Any CPU
		{3E23D15C-56F1-4431-B241-FC17D2F54BBF}.Debug|Any CPU.Build.0 = Debug|Any CPU
		{3E23D15C-56F1-4431-B241-FC17D2F54BBF}.Release|Any CPU.ActiveCfg = Release|Any CPU
		{3E23D15C-56F1-4431-B241-FC17D2F54BBF}.Release|Any CPU.Build.0 = Release|Any CPU
	EndGlobalSection
	GlobalSection(SolutionProperties) = preSolution
		HideSolutionNode = FALSE
	EndGlobalSection
	GlobalSection(ExtensibilityGlobals) = postSolution
		SolutionGuid = {8E72A6F0-7BCE-400D-A437-BE88560B578E}
	EndGlobalSection
EndGlobal
